{
  "name": "VLS_Image_Resizer",
  "lockfileVersion": 2,
  "requires": true,
  "packages": {
    "": {
      "dependencies": {
        "canvas-png-compression": "^0.0.3"
      }
    },
    "node_modules/canvas-png-compression": {
      "version": "0.0.3",
      "resolved": "https://registry.npmjs.org/canvas-png-compression/-/canvas-png-compression-0.0.3.tgz",
      "integrity": "sha512-A5xNMs2gurgRTkUS4EwbvuIImJ16B1wgj/JCH5UAe1SIdUVHPkD13b9y580l7Tu6oxi3tZU6AuwlvFhH/kTNlA==",
      "dependencies": {
        "pako": "^0.2.8"
      }
    },
    "node_modules/pako": {
      "version": "0.2.9",
      "resolved": "https://registry.npmjs.org/pako/-/pako-0.2.9.tgz",
      "integrity": "sha512-NUcwaKxUxWrZLpDG+z/xZaCgQITkA/Dv4V/T6bw7VON6l1Xz/VnrBqrYjZQ12TamKHzITTfOEIYUj48y2KXImA=="
    }
  },
  "dependencies": {
    "canvas-png-compression": {
      "version": "0.0.3",
      "resolved": "https://registry.npmjs.org/canvas-png-compression/-/canvas-png-compression-0.0.3.tgz",
      "integrity": "sha512-A5xNMs2gurgRTkUS4EwbvuIImJ16B1wgj/JCH5UAe1SIdUVHPkD13b9y580l7Tu6oxi3tZU6AuwlvFhH/kTNlA==",
      "requires": {
        "pako": "^0.2.8"
      }
    },
    "pako": {
      "version": "0.2.9",
      "resolved": "https://registry.npmjs.org/pako/-/pako-0.2.9.tgz",
      "integrity": "sha512-NUcwaKxUxWrZLpDG+z/xZaCgQITkA/Dv4V/T6bw7VON6l1Xz/VnrBqrYjZQ12TamKHzITTfOEIYUj48y2KXImA=="
    }
  }
}
